
Microsoft Visual Studio Solution File, Format Version 12.00
# Visual Studio Version 17
VisualStudioVersion = 17.14.36623.8 d17.14
MinimumVisualStudioVersion = 10.0.40219.1
Project("{FAE04EC0-301F-11D3-BF4B-00C04F79EFBC}") = "One.MDM.Authentication", "One.MDM.Authentication\One.MDM.Authentication.csproj", "{8F36E87B-5D43-48D1-9A6D-CAFC68696952}"
EndProject
Global
	GlobalSection(SolutionConfigurationPlatforms) = preSolution
		Debug|Any CPU = Debug|Any CPU
		Release|Any CPU = Release|Any CPU
	EndGlobalSection
	GlobalSection(ProjectConfigurationPlatforms) = postSolution
		{8F36E87B-5D43-48D1-9A6D-CAFC68696952}.Debug|Any CPU.ActiveCfg = Debug|Any CPU
		{8F36E87B-5D43-48D1-9A6D-CAFC68696952}.Debug|Any CPU.Build.0 = Debug|Any CPU
		{8F36E87B-5D43-48D1-9A6D-CAFC68696952}.Release|Any CPU.ActiveCfg = Release|Any CPU
		{8F36E87B-5D43-48D1-9A6D-CAFC68696952}.Release|Any CPU.Build.0 = Release|Any CPU
	EndGlobalSection
	GlobalSection(SolutionProperties) = preSolution
		HideSolutionNode = FALSE
	EndGlobalSection
	GlobalSection(ExtensibilityGlobals) = postSolution
		SolutionGuid = {F8691A76-D5DF-45D3-859B-C5EF4BFD1E09}
	EndGlobalSection
EndGlobal
